{
  "name": "my-noshift-app",
  "version": "1.0.0",
  "lockfileVersion": 3,
  "requires": true,
  "packages": {
    "": {
      "name": "my-noshift-app",
      "version": "1.0.0",
      "license": "ISC",
      "devDependencies": {
        "@noshift.js/lint": "^0.0.1",
        "noshift.js": "^0.14.0",
        "prettier": "^3.8.1",
        "prettier-plugin-noshift.js": "^0.0.2"
      }
    },
    "node_modules/@noshift.js/lint": {
      "version": "0.0.1",
      "resolved": "https://registry.npmjs.org/@noshift.js/lint/-/lint-0.0.1.tgz",
      "integrity": "sha512-0ThIUwUmUo4jYTIMmvwTUig4ovNd5YifjIR1i44iVFvJY4YXgNAz7SpgJpeuf40xDoNWE5boxBQsp4+5MxRUSg==",
      "dev": true,
      "license": "MIT",
      "bin": {
        "nslint": "bin/cli.js"
      }
    },
    "node_modules/commander": {
      "version": "14.0.3",
      "resolved": "https://registry.npmjs.org/commander/-/commander-14.0.3.tgz",
      "integrity": "sha512-H+y0Jo/T1RZ9qPP4Eh1pkcQcLRglraJaSLoyOtHxu6AapkjWVCy2Sit1QQ4x3Dng8qDlSsZEet7g5Pq06MvTgw==",
      "dev": true,
      "license": "MIT",
      "engines": {
        "node": ">=20"
      }
    },
    "node_modules/noshift.js": {
      "version": "0.14.0",
      "resolved": "https://registry.npmjs.org/noshift.js/-/noshift.js-0.14.0.tgz",
      "integrity": "sha512-Cyi3D/6OZhJUCYziwjaNW1ALso66eOKPUMLwpVQeEutM0kLh+tVcOsyj+vpqsEqPNwqmDsUrBM+YNe0STCRDvA==",
      "dev": true,
      "license": "MIT",
      "dependencies": {
        "commander": "^14.0.3"
      },
      "bin": {
        "nsc": "dist/cli.cjs"
      }
    },
    "node_modules/prettier": {
      "version": "3.8.1",
      "resolved": "https://registry.npmjs.org/prettier/-/prettier-3.8.1.tgz",
      "integrity": "sha512-UOnG6LftzbdaHZcKoPFtOcCKztrQ57WkHDeRD9t/PTQtmT0NHSeWWepj6pS0z/N7+08BHFDQVUrfmfMRcZwbMg==",
      "dev": true,
      "license": "MIT",
      "bin": {
        "prettier": "bin/prettier.cjs"
      },
      "engines": {
        "node": ">=14"
      },
      "funding": {
        "url": "https://github.com/prettier/prettier?sponsor=1"
      }
    },
    "node_modules/prettier-plugin-noshift.js": {
      "version": "0.0.2",
      "resolved": "https://registry.npmjs.org/prettier-plugin-noshift.js/-/prettier-plugin-noshift.js-0.0.2.tgz",
      "integrity": "sha512-uSph2X9fhrKCtZCeFefafwNTG3TkkTXLyNKC/nKzp3IvW7zFJh4kfVyisgpjs3eL0fMayoSY/wguFUcJqnNJDg==",
      "dev": true,
      "license": "MIT",
      "peerDependencies": {
        "prettier": "^3.8.1"
      }
    }
  }
}
