{
  "name": "example",
  "version": "1.0.0",
  "lockfileVersion": 3,
  "requires": true,
  "packages": {
    "": {
      "name": "example",
      "version": "1.0.0",
      "license": "ISC",
      "devDependencies": {
        "@noshift.js/lint": "^0.1.0",
        "noshift.js": "^0.15.0",
        "prettier": "^3.8.1",
        "prettier-plugin-noshift.js": "^0.1.0"
      }
    },
    "node_modules/@noshift.js/lint": {
      "version": "0.1.0",
      "resolved": "https://registry.npmjs.org/@noshift.js/lint/-/lint-0.1.0.tgz",
      "integrity": "sha512-zwaAAPB3Z+BiujPxnW4f8d3vf7ekY/n1eTTfn5fnK8qQYcImx+nGYCHNB6F6IcetYCRY1GNVWAN0xB72ZK8X7Q==",
      "dev": true,
      "license": "MIT",
      "bin": {
        "nslint": "bin/cli.js"
      },
      "engines": {
        "node": ">=22.12.0"
      }
    },
    "node_modules/commander": {
      "version": "14.0.3",
      "resolved": "https://registry.npmjs.org/commander/-/commander-14.0.3.tgz",
      "integrity": "sha512-H+y0Jo/T1RZ9qPP4Eh1pkcQcLRglraJaSLoyOtHxu6AapkjWVCy2Sit1QQ4x3Dng8qDlSsZEet7g5Pq06MvTgw==",
      "dev": true,
      "license": "MIT",
      "engines": {
        "node": ">=20"
      }
    },
    "node_modules/noshift.js": {
      "version": "0.15.0",
      "resolved": "https://registry.npmjs.org/noshift.js/-/noshift.js-0.15.0.tgz",
      "integrity": "sha512-YpDu3F43u6ZUxZ0Yjl+laJNYRu7eb0H403qATajOVV3NqzAYH7RMp3qgmdX9AkvJrdRJc/S+XWW5AM44hIS9Eg==",
      "dev": true,
      "license": "MIT",
      "dependencies": {
        "commander": "^14.0.3"
      },
      "bin": {
        "nsc": "dist/cli.cjs"
      },
      "engines": {
        "node": ">=22.12.0"
      }
    },
    "node_modules/prettier": {
      "version": "3.8.1",
      "resolved": "https://registry.npmjs.org/prettier/-/prettier-3.8.1.tgz",
      "integrity": "sha512-UOnG6LftzbdaHZcKoPFtOcCKztrQ57WkHDeRD9t/PTQtmT0NHSeWWepj6pS0z/N7+08BHFDQVUrfmfMRcZwbMg==",
      "dev": true,
      "license": "MIT",
      "bin": {
        "prettier": "bin/prettier.cjs"
      },
      "engines": {
        "node": ">=14"
      },
      "funding": {
        "url": "https://github.com/prettier/prettier?sponsor=1"
      }
    },
    "node_modules/prettier-plugin-noshift.js": {
      "version": "0.1.0",
      "resolved": "https://registry.npmjs.org/prettier-plugin-noshift.js/-/prettier-plugin-noshift.js-0.1.0.tgz",
      "integrity": "sha512-gX5up9AgDyVRSlYXsN4C4kWE78RSriYHnmV5yFvP5v0Og/DXAUI5H8chE3zQyuaTV5LWDG1E2KW5b6AsE8Gx3w==",
      "dev": true,
      "license": "MIT",
      "engines": {
        "node": ">=22.12.0"
      },
      "peerDependencies": {
        "prettier": "^3.8.1"
      }
    }
  }
}
