{
  "name": "create-noshift.js",
  "version": "0.0.1",
  "lockfileVersion": 3,
  "requires": true,
  "packages": {
    "": {
      "name": "create-noshift.js",
      "version": "0.0.1",
      "license": "MIT",
      "bin": {
        "create-noshift": "index.js"
      },
      "engines": {
        "node": ">=22.12.0"
      }
    }
  }
}
